
Microsoft Visual Studio Solution File, Format Version 12.00
# Visual Studio Version 16
VisualStudioVersion = 25.0.1700.0
MinimumVisualStudioVersion = 10.0.40219.1
Project("{FAE04EC0-301F-11D3-BF4B-00C04F79EFBC}") = "eTickets", "eTickets\eTickets.csproj", "{DE51D8C9-BA0E-4F39-8B1B-8FA845B3B73E}"
EndProject
Global
	GlobalSection(SolutionConfigurationPlatforms) = preSolution
		Debug|Any CPU = Debug|Any CPU
		Release|Any CPU = Release|Any CPU
	EndGlobalSection
	GlobalSection(ProjectConfigurationPlatforms) = postSolution
		{DE51D8C9-BA0E-4F39-8B1B-8FA845B3B73E}.Debug|Any CPU.ActiveCfg = Debug|Any CPU
		{DE51D8C9-BA0E-4F39-8B1B-8FA845B3B73E}.Debug|Any CPU.Build.0 = Debug|Any CPU
		{DE51D8C9-BA0E-4F39-8B1B-8FA845B3B73E}.Release|Any CPU.ActiveCfg = Release|Any CPU
		{DE51D8C9-BA0E-4F39-8B1B-8FA845B3B73E}.Release|Any CPU.Build.0 = Release|Any CPU
	EndGlobalSection
	GlobalSection(SolutionProperties) = preSolution
		HideSolutionNode = FALSE
	EndGlobalSection
	GlobalSection(ExtensibilityGlobals) = postSolution
		SolutionGuid = {04B1472C-953B-4B24-AD85-0126283376DA}
	EndGlobalSection
EndGlobal
